{
  "name": "@bwobbones/fullcalendar5-rightclick",
  "version": "1.0.0",
  "lockfileVersion": 1,
  "requires": true,
  "dependencies": {
    "@fullcalendar/common": {
      "version": "5.5.1",
      "resolved": "https://registry.npmjs.org/@fullcalendar/common/-/common-5.5.1.tgz",
      "integrity": "sha512-tfVlX4aBHxCDJAVkUm93FXScOhmdz6/vUy/ISfpNeRNYuUvhJbmjoH67DpGNdS3we2n6/dVte021TE4Bbo4uRA==",
      "requires": {
        "ical.js": "^1.4.0",
        "tslib": "^2.0.3"
      }
    },
    "@fullcalendar/interaction": {
      "version": "5.5.0",
      "resolved": "https://registry.npmjs.org/@fullcalendar/interaction/-/interaction-5.5.0.tgz",
      "integrity": "sha512-LKc4VeESBkBkrI/sAtV++f4qUleYyt7STBrnuc5Mpojv7jg5x5XZ1rfOarLwRbEYSvbo6CwccDrsaLTbC1Qk2A==",
      "requires": {
        "@fullcalendar/common": "~5.5.0",
        "tslib": "^2.0.3"
      }
    },
    "ical.js": {
      "version": "1.4.0",
      "resolved": "https://registry.npmjs.org/ical.js/-/ical.js-1.4.0.tgz",
      "integrity": "sha512-ltHZuOFNNjcyEYbzDgjemS7LWIFh2vydJeznxQHUh3dnarbxqOYsWONYteBVAq1MEOHnwXFGN2eskZReHclnrA=="
    },
    "tslib": {
      "version": "2.1.0",
      "resolved": "https://registry.npmjs.org/tslib/-/tslib-2.1.0.tgz",
      "integrity": "sha512-hcVC3wYEziELGGmEEXue7D75zbwIIVUMWAVbHItGPx0ziyXxrOMQx4rQEVEV45Ut/1IotuEvwqPopzIOkDMf0A=="
    }
  }
}
