{
  "name": "@bwobbones/fullcalendar5-rightclick",
  "version": "1.0.2",
  "lockfileVersion": 2,
  "requires": true,
  "packages": {
    "": {
      "name": "@bwobbones/fullcalendar5-rightclick",
      "version": "1.0.2",
      "license": "MIT",
      "dependencies": {
        "@fullcalendar/core": "^6.1.4",
        "@fullcalendar/interaction": "^6.1.4",
        "@fullcalendar/resource": "^6.1.4",
        "tslib": "^2.5.0"
      }
    },
    "node_modules/@fullcalendar/core": {
      "version": "6.1.4",
      "resolved": "https://registry.npmjs.org/@fullcalendar/core/-/core-6.1.4.tgz",
      "integrity": "sha512-ZDD0Owv0LezAk14nsRNaOc9nbowItGmT0mnjOhEw+L6B8P5eads8yYaNA9itn70MWoOjiAG8xqD7Yk1iJGxqgQ==",
      "dependencies": {
        "preact": "^10.0.5"
      }
    },
    "node_modules/@fullcalendar/interaction": {
      "version": "6.1.4",
      "resolved": "https://registry.npmjs.org/@fullcalendar/interaction/-/interaction-6.1.4.tgz",
      "integrity": "sha512-69G2B61bPiHy7VyTDiwU9l8yRHPUK9XxNxjIdm3N0nvWR6BaUIBDQe8dIWht+IZUf9qirFhnfcLWkRI0fOTWtw==",
      "peerDependencies": {
        "@fullcalendar/core": "~6.1.4"
      }
    },
    "node_modules/@fullcalendar/premium-common": {
      "version": "6.1.4",
      "resolved": "https://registry.npmjs.org/@fullcalendar/premium-common/-/premium-common-6.1.4.tgz",
      "integrity": "sha512-gA/6ei9yhLK+5jrjIzC+nwVSsFYuEI+NTnTZSJOYY1NNC/dBbB5j/fez1zbtMIfXqh0McMB9/dYu2drt031ohw==",
      "peerDependencies": {
        "@fullcalendar/core": "~6.1.4"
      }
    },
    "node_modules/@fullcalendar/resource": {
      "version": "6.1.4",
      "resolved": "https://registry.npmjs.org/@fullcalendar/resource/-/resource-6.1.4.tgz",
      "integrity": "sha512-SApmuVZL8gIJuznvCp9wYcHibWdxMjlXEe+d+iu/3UdaP6l6lM09KJ9tVzPwX6z2CFp1jIH2BnmBvhfSUuVmZw==",
      "dependencies": {
        "@fullcalendar/premium-common": "~6.1.4"
      },
      "peerDependencies": {
        "@fullcalendar/core": "~6.1.4"
      }
    },
    "node_modules/preact": {
      "version": "10.13.1",
      "resolved": "https://registry.npmjs.org/preact/-/preact-10.13.1.tgz",
      "integrity": "sha512-KyoXVDU5OqTpG9LXlB3+y639JAGzl8JSBXLn1J9HTSB3gbKcuInga7bZnXLlxmK94ntTs1EFeZp0lrja2AuBYQ==",
      "funding": {
        "type": "opencollective",
        "url": "https://opencollective.com/preact"
      }
    },
    "node_modules/tslib": {
      "version": "2.5.0",
      "resolved": "https://registry.npmjs.org/tslib/-/tslib-2.5.0.tgz",
      "integrity": "sha512-336iVw3rtn2BUK7ORdIAHTyxHGRIHVReokCR3XjbckJMK7ms8FysBfhLR8IXnAgy7T0PTPNBWKiH514FOW/WSg=="
    }
  },
  "dependencies": {
    "@fullcalendar/core": {
      "version": "6.1.4",
      "resolved": "https://registry.npmjs.org/@fullcalendar/core/-/core-6.1.4.tgz",
      "integrity": "sha512-ZDD0Owv0LezAk14nsRNaOc9nbowItGmT0mnjOhEw+L6B8P5eads8yYaNA9itn70MWoOjiAG8xqD7Yk1iJGxqgQ==",
      "requires": {
        "preact": "^10.0.5"
      }
    },
    "@fullcalendar/interaction": {
      "version": "6.1.4",
      "resolved": "https://registry.npmjs.org/@fullcalendar/interaction/-/interaction-6.1.4.tgz",
      "integrity": "sha512-69G2B61bPiHy7VyTDiwU9l8yRHPUK9XxNxjIdm3N0nvWR6BaUIBDQe8dIWht+IZUf9qirFhnfcLWkRI0fOTWtw==",
      "requires": {}
    },
    "@fullcalendar/premium-common": {
      "version": "6.1.4",
      "resolved": "https://registry.npmjs.org/@fullcalendar/premium-common/-/premium-common-6.1.4.tgz",
      "integrity": "sha512-gA/6ei9yhLK+5jrjIzC+nwVSsFYuEI+NTnTZSJOYY1NNC/dBbB5j/fez1zbtMIfXqh0McMB9/dYu2drt031ohw==",
      "requires": {}
    },
    "@fullcalendar/resource": {
      "version": "6.1.4",
      "resolved": "https://registry.npmjs.org/@fullcalendar/resource/-/resource-6.1.4.tgz",
      "integrity": "sha512-SApmuVZL8gIJuznvCp9wYcHibWdxMjlXEe+d+iu/3UdaP6l6lM09KJ9tVzPwX6z2CFp1jIH2BnmBvhfSUuVmZw==",
      "requires": {
        "@fullcalendar/premium-common": "~6.1.4"
      }
    },
    "preact": {
      "version": "10.13.1",
      "resolved": "https://registry.npmjs.org/preact/-/preact-10.13.1.tgz",
      "integrity": "sha512-KyoXVDU5OqTpG9LXlB3+y639JAGzl8JSBXLn1J9HTSB3gbKcuInga7bZnXLlxmK94ntTs1EFeZp0lrja2AuBYQ=="
    },
    "tslib": {
      "version": "2.5.0",
      "resolved": "https://registry.npmjs.org/tslib/-/tslib-2.5.0.tgz",
      "integrity": "sha512-336iVw3rtn2BUK7ORdIAHTyxHGRIHVReokCR3XjbckJMK7ms8FysBfhLR8IXnAgy7T0PTPNBWKiH514FOW/WSg=="
    }
  }
}
